
Microsoft Visual Studio Solution File, Format Version 12.00
# Visual Studio Version 16
VisualStudioVersion = 16.0.30717.126
MinimumVisualStudioVersion = 10.0.40219.1
Project("{FAE04EC0-301F-11D3-BF4B-00C04F79EFBC}") = "OppskriftWebAPI", "OppskriftWebAPI\OppskriftWebAPI.csproj", "{B073C363-2D30-43F1-BE50-78746091E393}"
EndProject
Global
	GlobalSection(SolutionConfigurationPlatforms) = preSolution
		Debug|Any CPU = Debug|Any CPU
		Release|Any CPU = Release|Any CPU
	EndGlobalSection
	GlobalSection(ProjectConfigurationPlatforms) = postSolution
		{B073C363-2D30-43F1-BE50-78746091E393}.Debug|Any CPU.ActiveCfg = Debug|Any CPU
		{B073C363-2D30-43F1-BE50-78746091E393}.Debug|Any CPU.Build.0 = Debug|Any CPU
		{B073C363-2D30-43F1-BE50-78746091E393}.Release|Any CPU.ActiveCfg = Release|Any CPU
		{B073C363-2D30-43F1-BE50-78746091E393}.Release|Any CPU.Build.0 = Release|Any CPU
	EndGlobalSection
	GlobalSection(SolutionProperties) = preSolution
		HideSolutionNode = FALSE
	EndGlobalSection
	GlobalSection(ExtensibilityGlobals) = postSolution
		SolutionGuid = {4629A195-01DC-4EFC-A3D1-8C6EB0C6E928}
	EndGlobalSection
EndGlobal
